
Microsoft Visual Studio Solution File, Format Version 12.00
# Visual Studio Version 17
VisualStudioVersion = 17.13.35825.156 d17.13
MinimumVisualStudioVersion = 10.0.40219.1
Project("{FAE04EC0-301F-11D3-BF4B-00C04F79EFBC}") = "Seminar2", "Seminar2.csproj", "{14EDCAFC-DFB5-4F6F-B6B9-611A816B7F85}"
EndProject
Global
	GlobalSection(SolutionConfigurationPlatforms) = preSolution
		Debug|Any CPU = Debug|Any CPU
		Release|Any CPU = Release|Any CPU
	EndGlobalSection
	GlobalSection(ProjectConfigurationPlatforms) = postSolution
		{14EDCAFC-DFB5-4F6F-B6B9-611A816B7F85}.Debug|Any CPU.ActiveCfg = Debug|Any CPU
		{14EDCAFC-DFB5-4F6F-B6B9-611A816B7F85}.Debug|Any CPU.Build.0 = Debug|Any CPU
		{14EDCAFC-DFB5-4F6F-B6B9-611A816B7F85}.Release|Any CPU.ActiveCfg = Release|Any CPU
		{14EDCAFC-DFB5-4F6F-B6B9-611A816B7F85}.Release|Any CPU.Build.0 = Release|Any CPU
	EndGlobalSection
	GlobalSection(SolutionProperties) = preSolution
		HideSolutionNode = FALSE
	EndGlobalSection
	GlobalSection(ExtensibilityGlobals) = postSolution
		SolutionGuid = {7B4EBAC3-5B76-4DE8-AE67-B6EA14EBA4BF}
	EndGlobalSection
EndGlobal
